# Verrou de travail global — mode stable séquentiel
# Un seul outil peut travailler à un instant donné.
#
# Règles :
#   locked: false → un outil peut démarrer.
#   locked: true + expires_at dans le futur → aucun autre outil ne modifie le projet.
#   locked: true + expires_at dépassé → verrou orphelin → procédure de recovery.
#
# Tout outil actif doit mettre à jour last_heartbeat_at et expires_at régulièrement.

locked: true
active_run: BL-013
active_role: developpeur
active_tool: cursor
branch: bl/013-outgoing-calls-reader
locked_at: "2026-07-25T14:01:47Z"
last_heartbeat_at: "2026-07-25T14:01:47Z"
expires_at: "2026-07-25T16:01:47Z"
lease_duration_minutes: 120
status: BUSY
