# Verrou de travail global — mode stable séquentiel
# Un seul outil peut travailler à un instant donné.
#
# Règles :
#   locked: false → un outil peut démarrer.
#   locked: true + expires_at dans le futur → aucun autre outil ne modifie le projet.
#   locked: true + expires_at dépassé → verrou orphelin → procédure de recovery.
#
# Tout outil actif doit mettre à jour last_heartbeat_at et expires_at régulièrement.

locked: true
active_run: BL-028
active_role: developpeur
active_tool: cursor
branch: bl/028-migrate-imports-referentiels
locked_at: "2026-07-26T09:21:02Z"
last_heartbeat_at: "2026-07-26T09:21:02Z"
expires_at: "2026-07-26T11:21:02Z"
lease_duration_minutes: 120
status: BUSY
